
Microsoft Visual Studio Solution File, Format Version 12.00
# Visual Studio Version 16
VisualStudioVersion = 16.0.28815.4
MinimumVisualStudioVersion = 10.0.40219.1
Project("{2150E333-8FDC-42A3-9474-1A3956D46DE8}") = "packaging", "packaging", "{0159B0F1-0626-4BED-8D1B-CBFF4F12C369}"
EndProject
Project("{9A19103F-16F7-4668-BE54-9A1E7A4F7556}") = "PresentationBuildTasks", "src\Microsoft.DotNet.Wpf\src\PresentationBuildTasks\PresentationBuildTasks.csproj", "{4216C2EA-E2B9-4FB2-9803-F73FDC64CAC4}"
EndProject
Project("{2150E333-8FDC-42A3-9474-1A3956D46DE8}") = "Microsoft.NET.Sdk.WindowsDesktop", "Microsoft.NET.Sdk.WindowsDesktop", "{1D4C8AD7-12E7-4987-98AF-AEE79F53E494}"
EndProject
Project("{9A19103F-16F7-4668-BE54-9A1E7A4F7556}") = "Microsoft.NET.Sdk.WindowsDesktop.ArchNeutral", "packaging\Microsoft.NET.Sdk.WindowsDesktop\Microsoft.NET.Sdk.WindowsDesktop.ArchNeutral.csproj", "{440D06B8-E3DE-4C0D-AD25-CD4F43D836E1}"
EndProject
Project("{2150E333-8FDC-42A3-9474-1A3956D46DE8}") = "Managed", "Managed", "{2EE4A2DA-70B3-4767-9D18-618DA0FE3105}"
EndProject
Global
	GlobalSection(SolutionConfigurationPlatforms) = preSolution
		Debug|Any CPU = Debug|Any CPU
		Debug|ARM64 = Debug|ARM64
		Debug|x64 = Debug|x64
		Debug|x86 = Debug|x86
		Release|Any CPU = Release|Any CPU
		Release|ARM64 = Release|ARM64
		Release|x64 = Release|x64
		Release|x86 = Release|x86
	EndGlobalSection
	GlobalSection(ProjectConfigurationPlatforms) = postSolution
		{4216C2EA-E2B9-4FB2-9803-F73FDC64CAC4}.Debug|Any CPU.ActiveCfg = Debug|Any CPU
		{4216C2EA-E2B9-4FB2-9803-F73FDC64CAC4}.Debug|Any CPU.Build.0 = Debug|Any CPU
		{4216C2EA-E2B9-4FB2-9803-F73FDC64CAC4}.Debug|ARM64.ActiveCfg = Debug|ARM64
		{4216C2EA-E2B9-4FB2-9803-F73FDC64CAC4}.Debug|ARM64.Build.0 = Debug|ARM64
		{4216C2EA-E2B9-4FB2-9803-F73FDC64CAC4}.Debug|x64.ActiveCfg = Debug|x64
		{4216C2EA-E2B9-4FB2-9803-F73FDC64CAC4}.Debug|x64.Build.0 = Debug|x64
		{4216C2EA-E2B9-4FB2-9803-F73FDC64CAC4}.Debug|x86.ActiveCfg = Debug|Any CPU
		{4216C2EA-E2B9-4FB2-9803-F73FDC64CAC4}.Debug|x86.Build.0 = Debug|Any CPU
		{4216C2EA-E2B9-4FB2-9803-F73FDC64CAC4}.Release|Any CPU.ActiveCfg = Release|Any CPU
		{4216C2EA-E2B9-4FB2-9803-F73FDC64CAC4}.Release|Any CPU.Build.0 = Release|Any CPU
		{4216C2EA-E2B9-4FB2-9803-F73FDC64CAC4}.Release|ARM64.ActiveCfg = Release|ARM64
		{4216C2EA-E2B9-4FB2-9803-F73FDC64CAC4}.Release|ARM64.Build.0 = Release|ARM64
		{4216C2EA-E2B9-4FB2-9803-F73FDC64CAC4}.Release|x64.ActiveCfg = Release|x64
		{4216C2EA-E2B9-4FB2-9803-F73FDC64CAC4}.Release|x64.Build.0 = Release|x64
		{4216C2EA-E2B9-4FB2-9803-F73FDC64CAC4}.Release|x86.ActiveCfg = Release|Any CPU
		{4216C2EA-E2B9-4FB2-9803-F73FDC64CAC4}.Release|x86.Build.0 = Release|Any CPU
		{440D06B8-E3DE-4C0D-AD25-CD4F43D836E1}.Debug|Any CPU.ActiveCfg = Debug|Any CPU
		{440D06B8-E3DE-4C0D-AD25-CD4F43D836E1}.Debug|Any CPU.Build.0 = Debug|Any CPU
		{440D06B8-E3DE-4C0D-AD25-CD4F43D836E1}.Debug|ARM64.ActiveCfg = Debug|ARM64
		{440D06B8-E3DE-4C0D-AD25-CD4F43D836E1}.Debug|ARM64.Build.0 = Debug|ARM64
		{440D06B8-E3DE-4C0D-AD25-CD4F43D836E1}.Debug|x64.ActiveCfg = Debug|x64
		{440D06B8-E3DE-4C0D-AD25-CD4F43D836E1}.Debug|x64.Build.0 = Debug|x64
		{440D06B8-E3DE-4C0D-AD25-CD4F43D836E1}.Debug|x86.ActiveCfg = Debug|Any CPU
		{440D06B8-E3DE-4C0D-AD25-CD4F43D836E1}.Debug|x86.Build.0 = Debug|Any CPU
		{440D06B8-E3DE-4C0D-AD25-CD4F43D836E1}.Release|Any CPU.ActiveCfg = Release|Any CPU
		{440D06B8-E3DE-4C0D-AD25-CD4F43D836E1}.Release|Any CPU.Build.0 = Release|Any CPU
		{440D06B8-E3DE-4C0D-AD25-CD4F43D836E1}.Release|ARM64.ActiveCfg = Release|ARM64
		{440D06B8-E3DE-4C0D-AD25-CD4F43D836E1}.Release|ARM64.Build.0 = Release|ARM64
		{440D06B8-E3DE-4C0D-AD25-CD4F43D836E1}.Release|x64.ActiveCfg = Release|x64
		{440D06B8-E3DE-4C0D-AD25-CD4F43D836E1}.Release|x64.Build.0 = Release|x64
		{440D06B8-E3DE-4C0D-AD25-CD4F43D836E1}.Release|x86.ActiveCfg = Release|Any CPU
		{440D06B8-E3DE-4C0D-AD25-CD4F43D836E1}.Release|x86.Build.0 = Release|Any CPU
	EndGlobalSection
	GlobalSection(SolutionProperties) = preSolution
		HideSolutionNode = FALSE
	EndGlobalSection
	GlobalSection(NestedProjects) = preSolution
		{4216C2EA-E2B9-4FB2-9803-F73FDC64CAC4} = {2EE4A2DA-70B3-4767-9D18-618DA0FE3105}
		{1D4C8AD7-12E7-4987-98AF-AEE79F53E494} = {0159B0F1-0626-4BED-8D1B-CBFF4F12C369}
		{440D06B8-E3DE-4C0D-AD25-CD4F43D836E1} = {1D4C8AD7-12E7-4987-98AF-AEE79F53E494}
	EndGlobalSection
	GlobalSection(ExtensibilityGlobals) = postSolution
		SolutionGuid = {B4340004-DAC0-497D-B69D-CFA7CD93F567}
	EndGlobalSection
EndGlobal
