﻿
Microsoft Visual Studio Solution File, Format Version 12.00
# Visual Studio Version 16
VisualStudioVersion = 16.0.28407.52
MinimumVisualStudioVersion = 10.0.40219.1
Project("{9A19103F-16F7-4668-BE54-9A1E7A4F7556}") = "System.Xaml", "src\Microsoft.DotNet.Wpf\src\System.Xaml\System.Xaml.csproj", "{9AC36357-34B7-40A1-95CA-FE9F46D089A7}"
EndProject
Project("{2150E333-8FDC-42A3-9474-1A3956D46DE8}") = "packaging", "packaging", "{0159B0F1-0626-4BED-8D1B-CBFF4F12C369}"
EndProject
Project("{2150E333-8FDC-42A3-9474-1A3956D46DE8}") = "Microsoft.DotNet.Wpf.GitHub", "Microsoft.DotNet.Wpf.GitHub", "{BF20132A-191F-4D34-9A1B-831772A6DFCF}"
EndProject
Project("{9A19103F-16F7-4668-BE54-9A1E7A4F7556}") = "Microsoft.DotNet.Wpf.GitHub", "packaging\Microsoft.DotNet.Wpf.GitHub\Microsoft.DotNet.Wpf.GitHub.csproj", "{C847934A-828C-4EBB-A004-B0E97C8313F4}"
EndProject
Project("{9A19103F-16F7-4668-BE54-9A1E7A4F7556}") = "Microsoft.DotNet.Wpf.GitHub.ArchNeutral", "packaging\Microsoft.DotNet.Wpf.GitHub\Microsoft.DotNet.Wpf.GitHub.ArchNeutral.csproj", "{9A7E395B-E859-40E2-809D-EFB72CF3A2EE}"
EndProject
Project("{2150E333-8FDC-42A3-9474-1A3956D46DE8}") = "Microsoft.DotNet.Arcade.Wpf.Sdk", "Microsoft.DotNet.Arcade.Wpf.Sdk", "{8A2ABE39-2D50-48CA-AC32-078BBA32757A}"
EndProject
Project("{9A19103F-16F7-4668-BE54-9A1E7A4F7556}") = "Microsoft.DotNet.Arcade.Wpf.Sdk.ArchNeutral", "packaging\Microsoft.DotNet.Arcade.Wpf.Sdk\Microsoft.DotNet.Arcade.Wpf.Sdk.ArchNeutral.csproj", "{B73BB4AB-68DE-4B91-BBB0-AB4F2D504AC3}"
EndProject
Project("{9A19103F-16F7-4668-BE54-9A1E7A4F7556}") = "Microsoft.DotNet.Wpf.ProjectTemplates.ArchNeutral", "packaging\Microsoft.Dotnet.Wpf.ProjectTemplates\Microsoft.DotNet.Wpf.ProjectTemplates.ArchNeutral.csproj", "{BFF6C118-3369-43B5-ACA6-D65ED00EEBE0}"
EndProject
Project("{9A19103F-16F7-4668-BE54-9A1E7A4F7556}") = "PresentationBuildTasks", "src\Microsoft.DotNet.Wpf\src\PresentationBuildTasks\PresentationBuildTasks.csproj", "{4216C2EA-E2B9-4FB2-9803-F73FDC64CAC4}"
EndProject
Project("{2150E333-8FDC-42A3-9474-1A3956D46DE8}") = "Microsoft.NET.Sdk.WindowsDesktop", "Microsoft.NET.Sdk.WindowsDesktop", "{1D4C8AD7-12E7-4987-98AF-AEE79F53E494}"
EndProject
Project("{9A19103F-16F7-4668-BE54-9A1E7A4F7556}") = "Microsoft.NET.Sdk.WindowsDesktop.ArchNeutral", "packaging\Microsoft.NET.Sdk.WindowsDesktop\Microsoft.NET.Sdk.WindowsDesktop.ArchNeutral.csproj", "{440D06B8-E3DE-4C0D-AD25-CD4F43D836E1}"
EndProject
Project("{2150E333-8FDC-42A3-9474-1A3956D46DE8}") = "Microsoft.DotNet.Wpf.ProjectTemplates", "Microsoft.DotNet.Wpf.ProjectTemplates", "{22D643D8-87D6-4FE8-9632-58A3CD3DC7CB}"
EndProject
Global
	GlobalSection(SolutionConfigurationPlatforms) = preSolution
		Debug|Any CPU = Debug|Any CPU
		Debug|x64 = Debug|x64
		Debug|x86 = Debug|x86
		Release|Any CPU = Release|Any CPU
		Release|x64 = Release|x64
		Release|x86 = Release|x86
	EndGlobalSection
	GlobalSection(ProjectConfigurationPlatforms) = postSolution
		{9AC36357-34B7-40A1-95CA-FE9F46D089A7}.Debug|Any CPU.ActiveCfg = Debug|Any CPU
		{9AC36357-34B7-40A1-95CA-FE9F46D089A7}.Debug|Any CPU.Build.0 = Debug|Any CPU
		{9AC36357-34B7-40A1-95CA-FE9F46D089A7}.Debug|x64.ActiveCfg = Debug|x64
		{9AC36357-34B7-40A1-95CA-FE9F46D089A7}.Debug|x64.Build.0 = Debug|x64
		{9AC36357-34B7-40A1-95CA-FE9F46D089A7}.Debug|x86.ActiveCfg = Debug|Any CPU
		{9AC36357-34B7-40A1-95CA-FE9F46D089A7}.Debug|x86.Build.0 = Debug|Any CPU
		{9AC36357-34B7-40A1-95CA-FE9F46D089A7}.Release|Any CPU.ActiveCfg = Release|Any CPU
		{9AC36357-34B7-40A1-95CA-FE9F46D089A7}.Release|Any CPU.Build.0 = Release|Any CPU
		{9AC36357-34B7-40A1-95CA-FE9F46D089A7}.Release|x64.ActiveCfg = Release|x64
		{9AC36357-34B7-40A1-95CA-FE9F46D089A7}.Release|x64.Build.0 = Release|x64
		{9AC36357-34B7-40A1-95CA-FE9F46D089A7}.Release|x86.ActiveCfg = Release|Any CPU
		{9AC36357-34B7-40A1-95CA-FE9F46D089A7}.Release|x86.Build.0 = Release|Any CPU
		{C847934A-828C-4EBB-A004-B0E97C8313F4}.Debug|Any CPU.ActiveCfg = Debug|Any CPU
		{C847934A-828C-4EBB-A004-B0E97C8313F4}.Debug|Any CPU.Build.0 = Debug|Any CPU
		{C847934A-828C-4EBB-A004-B0E97C8313F4}.Debug|x64.ActiveCfg = Debug|x64
		{C847934A-828C-4EBB-A004-B0E97C8313F4}.Debug|x64.Build.0 = Debug|x64
		{C847934A-828C-4EBB-A004-B0E97C8313F4}.Debug|x86.ActiveCfg = Debug|Any CPU
		{C847934A-828C-4EBB-A004-B0E97C8313F4}.Debug|x86.Build.0 = Debug|Any CPU
		{C847934A-828C-4EBB-A004-B0E97C8313F4}.Release|Any CPU.ActiveCfg = Release|Any CPU
		{C847934A-828C-4EBB-A004-B0E97C8313F4}.Release|Any CPU.Build.0 = Release|Any CPU
		{C847934A-828C-4EBB-A004-B0E97C8313F4}.Release|x64.ActiveCfg = Release|x64
		{C847934A-828C-4EBB-A004-B0E97C8313F4}.Release|x64.Build.0 = Release|x64
		{C847934A-828C-4EBB-A004-B0E97C8313F4}.Release|x86.ActiveCfg = Release|Any CPU
		{C847934A-828C-4EBB-A004-B0E97C8313F4}.Release|x86.Build.0 = Release|Any CPU
		{9A7E395B-E859-40E2-809D-EFB72CF3A2EE}.Debug|Any CPU.ActiveCfg = Debug|Any CPU
		{9A7E395B-E859-40E2-809D-EFB72CF3A2EE}.Debug|Any CPU.Build.0 = Debug|Any CPU
		{9A7E395B-E859-40E2-809D-EFB72CF3A2EE}.Debug|x64.ActiveCfg = Debug|x64
		{9A7E395B-E859-40E2-809D-EFB72CF3A2EE}.Debug|x64.Build.0 = Debug|x64
		{9A7E395B-E859-40E2-809D-EFB72CF3A2EE}.Debug|x86.ActiveCfg = Debug|Any CPU
		{9A7E395B-E859-40E2-809D-EFB72CF3A2EE}.Debug|x86.Build.0 = Debug|Any CPU
		{9A7E395B-E859-40E2-809D-EFB72CF3A2EE}.Release|Any CPU.ActiveCfg = Release|Any CPU
		{9A7E395B-E859-40E2-809D-EFB72CF3A2EE}.Release|Any CPU.Build.0 = Release|Any CPU
		{9A7E395B-E859-40E2-809D-EFB72CF3A2EE}.Release|x64.ActiveCfg = Release|x64
		{9A7E395B-E859-40E2-809D-EFB72CF3A2EE}.Release|x64.Build.0 = Release|x64
		{9A7E395B-E859-40E2-809D-EFB72CF3A2EE}.Release|x86.ActiveCfg = Release|Any CPU
		{9A7E395B-E859-40E2-809D-EFB72CF3A2EE}.Release|x86.Build.0 = Release|Any CPU
		{B73BB4AB-68DE-4B91-BBB0-AB4F2D504AC3}.Debug|Any CPU.ActiveCfg = Debug|Any CPU
		{B73BB4AB-68DE-4B91-BBB0-AB4F2D504AC3}.Debug|Any CPU.Build.0 = Debug|Any CPU
		{B73BB4AB-68DE-4B91-BBB0-AB4F2D504AC3}.Debug|x64.ActiveCfg = Debug|x64
		{B73BB4AB-68DE-4B91-BBB0-AB4F2D504AC3}.Debug|x64.Build.0 = Debug|x64
		{B73BB4AB-68DE-4B91-BBB0-AB4F2D504AC3}.Debug|x86.ActiveCfg = Debug|Any CPU
		{B73BB4AB-68DE-4B91-BBB0-AB4F2D504AC3}.Debug|x86.Build.0 = Debug|Any CPU
		{B73BB4AB-68DE-4B91-BBB0-AB4F2D504AC3}.Release|Any CPU.ActiveCfg = Release|Any CPU
		{B73BB4AB-68DE-4B91-BBB0-AB4F2D504AC3}.Release|Any CPU.Build.0 = Release|Any CPU
		{B73BB4AB-68DE-4B91-BBB0-AB4F2D504AC3}.Release|x64.ActiveCfg = Release|x64
		{B73BB4AB-68DE-4B91-BBB0-AB4F2D504AC3}.Release|x64.Build.0 = Release|x64
		{B73BB4AB-68DE-4B91-BBB0-AB4F2D504AC3}.Release|x86.ActiveCfg = Release|Any CPU
		{B73BB4AB-68DE-4B91-BBB0-AB4F2D504AC3}.Release|x86.Build.0 = Release|Any CPU
		{BFF6C118-3369-43B5-ACA6-D65ED00EEBE0}.Debug|Any CPU.ActiveCfg = Debug|Any CPU
		{BFF6C118-3369-43B5-ACA6-D65ED00EEBE0}.Debug|Any CPU.Build.0 = Debug|Any CPU
		{BFF6C118-3369-43B5-ACA6-D65ED00EEBE0}.Debug|x64.ActiveCfg = Debug|x64
		{BFF6C118-3369-43B5-ACA6-D65ED00EEBE0}.Debug|x64.Build.0 = Debug|x64
		{BFF6C118-3369-43B5-ACA6-D65ED00EEBE0}.Debug|x86.ActiveCfg = Debug|Any CPU
		{BFF6C118-3369-43B5-ACA6-D65ED00EEBE0}.Debug|x86.Build.0 = Debug|Any CPU
		{BFF6C118-3369-43B5-ACA6-D65ED00EEBE0}.Release|Any CPU.ActiveCfg = Release|Any CPU
		{BFF6C118-3369-43B5-ACA6-D65ED00EEBE0}.Release|Any CPU.Build.0 = Release|Any CPU
		{BFF6C118-3369-43B5-ACA6-D65ED00EEBE0}.Release|x64.ActiveCfg = Release|x64
		{BFF6C118-3369-43B5-ACA6-D65ED00EEBE0}.Release|x64.Build.0 = Release|x64
		{BFF6C118-3369-43B5-ACA6-D65ED00EEBE0}.Release|x86.ActiveCfg = Release|Any CPU
		{BFF6C118-3369-43B5-ACA6-D65ED00EEBE0}.Release|x86.Build.0 = Release|Any CPU
		{4216C2EA-E2B9-4FB2-9803-F73FDC64CAC4}.Debug|Any CPU.ActiveCfg = Debug|Any CPU
		{4216C2EA-E2B9-4FB2-9803-F73FDC64CAC4}.Debug|Any CPU.Build.0 = Debug|Any CPU
		{4216C2EA-E2B9-4FB2-9803-F73FDC64CAC4}.Debug|x64.ActiveCfg = Debug|x64
		{4216C2EA-E2B9-4FB2-9803-F73FDC64CAC4}.Debug|x64.Build.0 = Debug|x64
		{4216C2EA-E2B9-4FB2-9803-F73FDC64CAC4}.Debug|x86.ActiveCfg = Debug|Any CPU
		{4216C2EA-E2B9-4FB2-9803-F73FDC64CAC4}.Debug|x86.Build.0 = Debug|Any CPU
		{4216C2EA-E2B9-4FB2-9803-F73FDC64CAC4}.Release|Any CPU.ActiveCfg = Release|Any CPU
		{4216C2EA-E2B9-4FB2-9803-F73FDC64CAC4}.Release|Any CPU.Build.0 = Release|Any CPU
		{4216C2EA-E2B9-4FB2-9803-F73FDC64CAC4}.Release|x64.ActiveCfg = Release|x64
		{4216C2EA-E2B9-4FB2-9803-F73FDC64CAC4}.Release|x64.Build.0 = Release|x64
		{4216C2EA-E2B9-4FB2-9803-F73FDC64CAC4}.Release|x86.ActiveCfg = Release|Any CPU
		{4216C2EA-E2B9-4FB2-9803-F73FDC64CAC4}.Release|x86.Build.0 = Release|Any CPU
		{440D06B8-E3DE-4C0D-AD25-CD4F43D836E1}.Debug|Any CPU.ActiveCfg = Debug|Any CPU
		{440D06B8-E3DE-4C0D-AD25-CD4F43D836E1}.Debug|Any CPU.Build.0 = Debug|Any CPU
		{440D06B8-E3DE-4C0D-AD25-CD4F43D836E1}.Debug|x64.ActiveCfg = Debug|x64
		{440D06B8-E3DE-4C0D-AD25-CD4F43D836E1}.Debug|x64.Build.0 = Debug|x64
		{440D06B8-E3DE-4C0D-AD25-CD4F43D836E1}.Debug|x86.ActiveCfg = Debug|Any CPU
		{440D06B8-E3DE-4C0D-AD25-CD4F43D836E1}.Debug|x86.Build.0 = Debug|Any CPU
		{440D06B8-E3DE-4C0D-AD25-CD4F43D836E1}.Release|Any CPU.ActiveCfg = Release|Any CPU
		{440D06B8-E3DE-4C0D-AD25-CD4F43D836E1}.Release|Any CPU.Build.0 = Release|Any CPU
		{440D06B8-E3DE-4C0D-AD25-CD4F43D836E1}.Release|x64.ActiveCfg = Release|x64
		{440D06B8-E3DE-4C0D-AD25-CD4F43D836E1}.Release|x64.Build.0 = Release|x64
		{440D06B8-E3DE-4C0D-AD25-CD4F43D836E1}.Release|x86.ActiveCfg = Release|Any CPU
		{440D06B8-E3DE-4C0D-AD25-CD4F43D836E1}.Release|x86.Build.0 = Release|Any CPU
	EndGlobalSection
	GlobalSection(SolutionProperties) = preSolution
		HideSolutionNode = FALSE
	EndGlobalSection
	GlobalSection(NestedProjects) = preSolution
		{BF20132A-191F-4D34-9A1B-831772A6DFCF} = {0159B0F1-0626-4BED-8D1B-CBFF4F12C369}
		{C847934A-828C-4EBB-A004-B0E97C8313F4} = {BF20132A-191F-4D34-9A1B-831772A6DFCF}
		{9A7E395B-E859-40E2-809D-EFB72CF3A2EE} = {BF20132A-191F-4D34-9A1B-831772A6DFCF}
		{8A2ABE39-2D50-48CA-AC32-078BBA32757A} = {0159B0F1-0626-4BED-8D1B-CBFF4F12C369}
		{B73BB4AB-68DE-4B91-BBB0-AB4F2D504AC3} = {8A2ABE39-2D50-48CA-AC32-078BBA32757A}
		{BFF6C118-3369-43B5-ACA6-D65ED00EEBE0} = {22D643D8-87D6-4FE8-9632-58A3CD3DC7CB}
		{1D4C8AD7-12E7-4987-98AF-AEE79F53E494} = {0159B0F1-0626-4BED-8D1B-CBFF4F12C369}
		{440D06B8-E3DE-4C0D-AD25-CD4F43D836E1} = {1D4C8AD7-12E7-4987-98AF-AEE79F53E494}
		{22D643D8-87D6-4FE8-9632-58A3CD3DC7CB} = {0159B0F1-0626-4BED-8D1B-CBFF4F12C369}
	EndGlobalSection
	GlobalSection(ExtensibilityGlobals) = postSolution
		SolutionGuid = {D4D12991-F531-4FC3-849D-29946BCA818A}
	EndGlobalSection
EndGlobal
