
Microsoft Visual Studio Solution File, Format Version 12.00
# Visual Studio 15
VisualStudioVersion = 15.0.28010.2026
MinimumVisualStudioVersion = 10.0.40219.1
Project("{9A19103F-16F7-4668-BE54-9A1E7A4F7556}") = "TestHost.Tests", "TestHost\TestHost.Tests.csproj", "{88A7E00C-F08A-4797-B377-A64F4335591B}"
EndProject
Global
	GlobalSection(SolutionConfigurationPlatforms) = preSolution
		Debug|Any CPU = Debug|Any CPU
		Debug|x64 = Debug|x64
		Debug|x86 = Debug|x86
		Release|Any CPU = Release|Any CPU
		Release|x64 = Release|x64
		Release|x86 = Release|x86
	EndGlobalSection
	GlobalSection(ProjectConfigurationPlatforms) = postSolution
		{88A7E00C-F08A-4797-B377-A64F4335591B}.Debug|Any CPU.ActiveCfg = Debug|Any CPU
		{88A7E00C-F08A-4797-B377-A64F4335591B}.Debug|Any CPU.Build.0 = Debug|Any CPU
		{88A7E00C-F08A-4797-B377-A64F4335591B}.Debug|x64.ActiveCfg = Debug|x64
		{88A7E00C-F08A-4797-B377-A64F4335591B}.Debug|x64.Build.0 = Debug|x64
		{88A7E00C-F08A-4797-B377-A64F4335591B}.Debug|x86.ActiveCfg = Debug|Any CPU
		{88A7E00C-F08A-4797-B377-A64F4335591B}.Debug|x86.Build.0 = Debug|Any CPU
		{88A7E00C-F08A-4797-B377-A64F4335591B}.Release|Any CPU.ActiveCfg = Release|Any CPU
		{88A7E00C-F08A-4797-B377-A64F4335591B}.Release|Any CPU.Build.0 = Release|Any CPU
		{88A7E00C-F08A-4797-B377-A64F4335591B}.Release|x64.ActiveCfg = Release|x64
		{88A7E00C-F08A-4797-B377-A64F4335591B}.Release|x64.Build.0 = Release|x64
		{88A7E00C-F08A-4797-B377-A64F4335591B}.Release|x86.ActiveCfg = Release|Any CPU
		{88A7E00C-F08A-4797-B377-A64F4335591B}.Release|x86.Build.0 = Release|Any CPU
	EndGlobalSection
	GlobalSection(SolutionProperties) = preSolution
		HideSolutionNode = FALSE
	EndGlobalSection
	GlobalSection(ExtensibilityGlobals) = postSolution
		SolutionGuid = {B4340004-DAC0-497D-B69D-CFA7CD93F567}
	EndGlobalSection
EndGlobal
