
Microsoft Visual Studio Solution File, Format Version 12.00
# Visual Studio Version 16
VisualStudioVersion = 16.0.28404.58
MinimumVisualStudioVersion = 10.0.40219.1
Project("{9A19103F-16F7-4668-BE54-9A1E7A4F7556}") = "PresentationBuildTasks", "PresentationBuildTasks.csproj", "{4216C2EA-E2B9-4FB2-9803-F73FDC64CAC4}"
EndProject
Global
	GlobalSection(SolutionConfigurationPlatforms) = preSolution
		Debug|Any CPU = Debug|Any CPU
		Debug|x64 = Debug|x64
		Debug|x86 = Debug|x86
		Release|Any CPU = Release|Any CPU
		Release|x64 = Release|x64
		Release|x86 = Release|x86
	EndGlobalSection
	GlobalSection(ProjectConfigurationPlatforms) = postSolution
		{4216C2EA-E2B9-4FB2-9803-F73FDC64CAC4}.Debug|Any CPU.ActiveCfg = Debug|Any CPU
		{4216C2EA-E2B9-4FB2-9803-F73FDC64CAC4}.Debug|Any CPU.Build.0 = Debug|Any CPU
		{4216C2EA-E2B9-4FB2-9803-F73FDC64CAC4}.Debug|x64.ActiveCfg = Debug|x64
		{4216C2EA-E2B9-4FB2-9803-F73FDC64CAC4}.Debug|x64.Build.0 = Debug|x64
		{4216C2EA-E2B9-4FB2-9803-F73FDC64CAC4}.Debug|x86.ActiveCfg = Debug|Any CPU
		{4216C2EA-E2B9-4FB2-9803-F73FDC64CAC4}.Debug|x86.Build.0 = Debug|Any CPU
		{4216C2EA-E2B9-4FB2-9803-F73FDC64CAC4}.Release|Any CPU.ActiveCfg = Release|Any CPU
		{4216C2EA-E2B9-4FB2-9803-F73FDC64CAC4}.Release|Any CPU.Build.0 = Release|Any CPU
		{4216C2EA-E2B9-4FB2-9803-F73FDC64CAC4}.Release|x64.ActiveCfg = Release|x64
		{4216C2EA-E2B9-4FB2-9803-F73FDC64CAC4}.Release|x64.Build.0 = Release|x64
		{4216C2EA-E2B9-4FB2-9803-F73FDC64CAC4}.Release|x86.ActiveCfg = Release|Any CPU
		{4216C2EA-E2B9-4FB2-9803-F73FDC64CAC4}.Release|x86.Build.0 = Release|Any CPU
	EndGlobalSection
	GlobalSection(SolutionProperties) = preSolution
		HideSolutionNode = FALSE
	EndGlobalSection
	GlobalSection(ExtensibilityGlobals) = postSolution
		SolutionGuid = {86AF908B-1776-407E-A049-E5DCD1BE13B1}
	EndGlobalSection
EndGlobal
