
Microsoft Visual Studio Solution File, Format Version 12.00
# Visual Studio Version 16
VisualStudioVersion = 16.0.28516.95
MinimumVisualStudioVersion = 10.0.40219.1
Project("{9A19103F-16F7-4668-BE54-9A1E7A4F7556}") = "Sti", "Sti.csproj", "{65F147C9-7093-4B18-B2BC-FC79965944E3}"
EndProject
Project("{9A19103F-16F7-4668-BE54-9A1E7A4F7556}") = "TestContracts", "..\..\CommunityChest\TestContracts\TestContracts.csproj", "{34E3E26D-2184-4F9B-BECA-759F8BA90BB0}"
EndProject
Project("{9A19103F-16F7-4668-BE54-9A1E7A4F7556}") = "InternalUtilities", "..\..\TestUtilities\InternalUtilities\InternalUtilities.csproj", "{2E5E296C-D7FE-42CE-8C38-A5018B12F2E3}"
EndProject
Global
	GlobalSection(SolutionConfigurationPlatforms) = preSolution
		Debug|Any CPU = Debug|Any CPU
		Debug|x64 = Debug|x64
		Debug|x86 = Debug|x86
		Release|Any CPU = Release|Any CPU
		Release|x64 = Release|x64
		Release|x86 = Release|x86
	EndGlobalSection
	GlobalSection(ProjectConfigurationPlatforms) = postSolution
		{65F147C9-7093-4B18-B2BC-FC79965944E3}.Debug|Any CPU.ActiveCfg = Debug|Any CPU
		{65F147C9-7093-4B18-B2BC-FC79965944E3}.Debug|Any CPU.Build.0 = Debug|Any CPU
		{65F147C9-7093-4B18-B2BC-FC79965944E3}.Debug|x64.ActiveCfg = Debug|x64
		{65F147C9-7093-4B18-B2BC-FC79965944E3}.Debug|x64.Build.0 = Debug|x64
		{65F147C9-7093-4B18-B2BC-FC79965944E3}.Debug|x86.ActiveCfg = Debug|x86
		{65F147C9-7093-4B18-B2BC-FC79965944E3}.Debug|x86.Build.0 = Debug|x86
		{65F147C9-7093-4B18-B2BC-FC79965944E3}.Release|Any CPU.ActiveCfg = Release|Any CPU
		{65F147C9-7093-4B18-B2BC-FC79965944E3}.Release|Any CPU.Build.0 = Release|Any CPU
		{65F147C9-7093-4B18-B2BC-FC79965944E3}.Release|x64.ActiveCfg = Release|x64
		{65F147C9-7093-4B18-B2BC-FC79965944E3}.Release|x64.Build.0 = Release|x64
		{65F147C9-7093-4B18-B2BC-FC79965944E3}.Release|x86.ActiveCfg = Release|x86
		{65F147C9-7093-4B18-B2BC-FC79965944E3}.Release|x86.Build.0 = Release|x86
		{34E3E26D-2184-4F9B-BECA-759F8BA90BB0}.Debug|Any CPU.ActiveCfg = Debug|Any CPU
		{34E3E26D-2184-4F9B-BECA-759F8BA90BB0}.Debug|Any CPU.Build.0 = Debug|Any CPU
		{34E3E26D-2184-4F9B-BECA-759F8BA90BB0}.Debug|x64.ActiveCfg = Debug|x64
		{34E3E26D-2184-4F9B-BECA-759F8BA90BB0}.Debug|x64.Build.0 = Debug|x64
		{34E3E26D-2184-4F9B-BECA-759F8BA90BB0}.Debug|x86.ActiveCfg = Debug|x86
		{34E3E26D-2184-4F9B-BECA-759F8BA90BB0}.Debug|x86.Build.0 = Debug|x86
		{34E3E26D-2184-4F9B-BECA-759F8BA90BB0}.Release|Any CPU.ActiveCfg = Release|Any CPU
		{34E3E26D-2184-4F9B-BECA-759F8BA90BB0}.Release|Any CPU.Build.0 = Release|Any CPU
		{34E3E26D-2184-4F9B-BECA-759F8BA90BB0}.Release|x64.ActiveCfg = Release|x64
		{34E3E26D-2184-4F9B-BECA-759F8BA90BB0}.Release|x64.Build.0 = Release|x64
		{34E3E26D-2184-4F9B-BECA-759F8BA90BB0}.Release|x86.ActiveCfg = Release|x86
		{34E3E26D-2184-4F9B-BECA-759F8BA90BB0}.Release|x86.Build.0 = Release|x86
		{2E5E296C-D7FE-42CE-8C38-A5018B12F2E3}.Debug|Any CPU.ActiveCfg = Debug|Any CPU
		{2E5E296C-D7FE-42CE-8C38-A5018B12F2E3}.Debug|Any CPU.Build.0 = Debug|Any CPU
		{2E5E296C-D7FE-42CE-8C38-A5018B12F2E3}.Debug|x64.ActiveCfg = Debug|x64
		{2E5E296C-D7FE-42CE-8C38-A5018B12F2E3}.Debug|x64.Build.0 = Debug|x64
		{2E5E296C-D7FE-42CE-8C38-A5018B12F2E3}.Debug|x86.ActiveCfg = Debug|x86
		{2E5E296C-D7FE-42CE-8C38-A5018B12F2E3}.Debug|x86.Build.0 = Debug|x86
		{2E5E296C-D7FE-42CE-8C38-A5018B12F2E3}.Release|Any CPU.ActiveCfg = Release|Any CPU
		{2E5E296C-D7FE-42CE-8C38-A5018B12F2E3}.Release|Any CPU.Build.0 = Release|Any CPU
		{2E5E296C-D7FE-42CE-8C38-A5018B12F2E3}.Release|x64.ActiveCfg = Release|x64
		{2E5E296C-D7FE-42CE-8C38-A5018B12F2E3}.Release|x64.Build.0 = Release|x64
		{2E5E296C-D7FE-42CE-8C38-A5018B12F2E3}.Release|x86.ActiveCfg = Release|x86
		{2E5E296C-D7FE-42CE-8C38-A5018B12F2E3}.Release|x86.Build.0 = Release|x86
	EndGlobalSection
	GlobalSection(SolutionProperties) = preSolution
		HideSolutionNode = FALSE
	EndGlobalSection
	GlobalSection(ExtensibilityGlobals) = postSolution
		SolutionGuid = {AAE397BC-510C-446B-85F0-BF181FCD229F}
	EndGlobalSection
EndGlobal
